// !$*UTF8*$!
{
	archiveVersion = 1;
	classes = {
	};
	objectVersion = 56;
	objects = {

/* Begin PBXBuildFile section */
		2305E040296E298400C24570 /* FormattingDelegate.swift in Sources */ = {isa = PBXBuildFile; fileRef = 2305E03F296E298400C24570 /* FormattingDelegate.swift */; };
		2308FA782A7AFB870092CF44 /* Genres.swift in Sources */ = {isa = PBXBuildFile; fileRef = 231A16832968BC6800450279 /* Genres.swift */; };
		2308FA792A7AFB8A0092CF44 /* TopTens.swift in Sources */ = {isa = PBXBuildFile; fileRef = 231B09F9296B947F00F7FC21 /* TopTens.swift */; };
		2308FA7A2A7AFB8C0092CF44 /* FormattingDelegate.swift in Sources */ = {isa = PBXBuildFile; fileRef = 2305E03F296E298400C24570 /* FormattingDelegate.swift */; };
		2308FA7B2A7AFB8F0092CF44 /* TextModifier.swift in Sources */ = {isa = PBXBuildFile; fileRef = 232F01542A2514E800C29686 /* TextModifier.swift */; };
		2308FA7C2A7AFB950092CF44 /* UIText.swift in Sources */ = {isa = PBXBuildFile; fileRef = 232F01522A25149700C29686 /* UIText.swift */; };
		2308FA7D2A7AFB9C0092CF44 /* WelcomeViewController.swift in Sources */ = {isa = PBXBuildFile; fileRef = 231A166B2967BCD100450279 /* WelcomeViewController.swift */; };
		23165330296BDFAB009F2720 /* AlbumInfoViewController.swift in Sources */ = {isa = PBXBuildFile; fileRef = 2316532F296BDFAB009F2720 /* AlbumInfoViewController.swift */; };
		23165332296BE040009F2720 /* TopTenViewModel.swift in Sources */ = {isa = PBXBuildFile; fileRef = 23165331296BE040009F2720 /* TopTenViewModel.swift */; };
		231A16682967BCD100450279 /* AppDelegate.swift in Sources */ = {isa = PBXBuildFile; fileRef = 231A16672967BCD100450279 /* AppDelegate.swift */; };
		231A166A2967BCD100450279 /* SceneDelegate.swift in Sources */ = {isa = PBXBuildFile; fileRef = 231A16692967BCD100450279 /* SceneDelegate.swift */; };
		231A166C2967BCD100450279 /* WelcomeViewController.swift in Sources */ = {isa = PBXBuildFile; fileRef = 231A166B2967BCD100450279 /* WelcomeViewController.swift */; };
		231A166F2967BCD100450279 /* Main.storyboard in Resources */ = {isa = PBXBuildFile; fileRef = 231A166D2967BCD100450279 /* Main.storyboard */; };
		231A16722967BCD100450279 /* Top10Albums.xcdatamodeld in Sources */ = {isa = PBXBuildFile; fileRef = 231A16702967BCD100450279 /* Top10Albums.xcdatamodeld */; };
		231A16742967BCD200450279 /* Assets.xcassets in Resources */ = {isa = PBXBuildFile; fileRef = 231A16732967BCD200450279 /* Assets.xcassets */; };
		231A16772967BCD200450279 /* LaunchScreen.storyboard in Resources */ = {isa = PBXBuildFile; fileRef = 231A16752967BCD200450279 /* LaunchScreen.storyboard */; };
		231A16842968BC6800450279 /* Genres.swift in Sources */ = {isa = PBXBuildFile; fileRef = 231A16832968BC6800450279 /* Genres.swift */; };
		231A16862968CD1900450279 /* GenreViewController.swift in Sources */ = {isa = PBXBuildFile; fileRef = 231A16852968CD1900450279 /* GenreViewController.swift */; };
		231B09F8296B90E600F7FC21 /* GenreViewModel.swift in Sources */ = {isa = PBXBuildFile; fileRef = 231B09F7296B90E600F7FC21 /* GenreViewModel.swift */; };
		231B09FA296B947F00F7FC21 /* TopTens.swift in Sources */ = {isa = PBXBuildFile; fileRef = 231B09F9296B947F00F7FC21 /* TopTens.swift */; };
		231B09FC296B97E300F7FC21 /* TopTenViewController.swift in Sources */ = {isa = PBXBuildFile; fileRef = 231B09FB296B97E300F7FC21 /* TopTenViewController.swift */; };
		2323CFCC299C3D05008ED4FE /* StoreKit.framework in Frameworks */ = {isa = PBXBuildFile; fileRef = 2323CFCB299C3D05008ED4FE /* StoreKit.framework */; };
		2323CFCE299C400B008ED4FE /* PurchaseViewModel.swift in Sources */ = {isa = PBXBuildFile; fileRef = 2323CFCD299C400B008ED4FE /* PurchaseViewModel.swift */; };
		2323CFD0299C49F5008ED4FE /* FirebaseFirestore in Frameworks */ = {isa = PBXBuildFile; productRef = 2323CFCF299C49F5008ED4FE /* FirebaseFirestore */; };
		2323CFD4299C527E008ED4FE /* WelcomeViewModel.swift in Sources */ = {isa = PBXBuildFile; fileRef = 2323CFD3299C527E008ED4FE /* WelcomeViewModel.swift */; };
		23243371297764AD00BE4574 /* ConceptViewController.swift in Sources */ = {isa = PBXBuildFile; fileRef = 23243370297764AC00BE4574 /* ConceptViewController.swift */; };
		232F01532A25149700C29686 /* UIText.swift in Sources */ = {isa = PBXBuildFile; fileRef = 232F01522A25149700C29686 /* UIText.swift */; };
		232F01552A2514E900C29686 /* TextModifier.swift in Sources */ = {isa = PBXBuildFile; fileRef = 232F01542A2514E800C29686 /* TextModifier.swift */; };
		232F01582A25150600C29686 /* TopTenTableViewCell.xib in Resources */ = {isa = PBXBuildFile; fileRef = 232F01562A25150600C29686 /* TopTenTableViewCell.xib */; };
		232F01592A25150600C29686 /* TopTenTableViewCell.swift in Sources */ = {isa = PBXBuildFile; fileRef = 232F01572A25150600C29686 /* TopTenTableViewCell.swift */; };
		2339F6FB2A321FE500344CE2 /* Constants.swift in Sources */ = {isa = PBXBuildFile; fileRef = 2339F6FA2A321FE500344CE2 /* Constants.swift */; };
		2344562629DDDBD1003B85C0 /* FirebaseMessaging in Frameworks */ = {isa = PBXBuildFile; productRef = 2344562529DDDBD1003B85C0 /* FirebaseMessaging */; };
		234B723B2A71B0CE00744DEA /* Top10Pack in Frameworks */ = {isa = PBXBuildFile; productRef = 234B723A2A71B0CE00744DEA /* Top10Pack */; };
		23741D382991DE910005348F /* StatsViewController.swift in Sources */ = {isa = PBXBuildFile; fileRef = 23741D372991DE910005348F /* StatsViewController.swift */; };
		23741D3A2991DF1F0005348F /* StatsViewModel.swift in Sources */ = {isa = PBXBuildFile; fileRef = 23741D392991DF1F0005348F /* StatsViewModel.swift */; };
		23741D3C299C37DC0005348F /* PremiumViewController.swift in Sources */ = {isa = PBXBuildFile; fileRef = 23741D3B299C37DC0005348F /* PremiumViewController.swift */; };
		2385C12F29E9B6C500EAF12E /* GoogleService-Info.plist in Resources */ = {isa = PBXBuildFile; fileRef = 2385C12E29E9B6C500EAF12E /* GoogleService-Info.plist */; };
		239D958A2A70631D0093B56B /* Top10AlbumsTests.swift in Sources */ = {isa = PBXBuildFile; fileRef = 239D95892A70631D0093B56B /* Top10AlbumsTests.swift */; };
		239D95992A7077000093B56B /* Stats.swift in Sources */ = {isa = PBXBuildFile; fileRef = 239D95982A7077000093B56B /* Stats.swift */; };
		239D959B2A707DBF0093B56B /* WelcomeViewModel.swift in Sources */ = {isa = PBXBuildFile; fileRef = 2323CFD3299C527E008ED4FE /* WelcomeViewModel.swift */; };
		23B7260D29777AE500461D26 /* AlbumInfoViewModel.swift in Sources */ = {isa = PBXBuildFile; fileRef = 23B7260C29777AE500461D26 /* AlbumInfoViewModel.swift */; };
		23B98F572A69D69500EC4E58 /* WikipediaResponse.swift in Sources */ = {isa = PBXBuildFile; fileRef = 23B98F562A69D69500EC4E58 /* WikipediaResponse.swift */; };
		23F8E2BA2A79C00E0012A031 /* FirebaseFirestore in Frameworks */ = {isa = PBXBuildFile; productRef = 23F8E2B92A79C00E0012A031 /* FirebaseFirestore */; };
		23F8E2BC2A79C0140012A031 /* FirebaseMessaging in Frameworks */ = {isa = PBXBuildFile; productRef = 23F8E2BB2A79C0140012A031 /* FirebaseMessaging */; };
		23F8E2BE2A79C03C0012A031 /* Top10Pack in Frameworks */ = {isa = PBXBuildFile; productRef = 23F8E2BD2A79C03C0012A031 /* Top10Pack */; };
		23F8E2BF2A79C04E0012A031 /* StoreKit.framework in Frameworks */ = {isa = PBXBuildFile; fileRef = 2323CFCB299C3D05008ED4FE /* StoreKit.framework */; };
		23F8E2C02A79C0C40012A031 /* Constants.swift in Sources */ = {isa = PBXBuildFile; fileRef = 2339F6FA2A321FE500344CE2 /* Constants.swift */; };
		23F8E2C32A79C2AA0012A031 /* Top10AlbumsTests.xctest in Resources */ = {isa = PBXBuildFile; fileRef = 239D95872A70631D0093B56B /* Top10AlbumsTests.xctest */; };
		23F8E2CB2A79C3650012A031 /* NewTests.swift in Sources */ = {isa = PBXBuildFile; fileRef = 23F8E2CA2A79C3650012A031 /* NewTests.swift */; };
/* End PBXBuildFile section */

/* Begin PBXContainerItemProxy section */
		238496B42A7B0789002E1048 /* PBXContainerItemProxy */ = {
			isa = PBXContainerItemProxy;
			containerPortal = 231A165C2967BCD100450279 /* Project object */;
			proxyType = 1;
			remoteGlobalIDString = 231A16632967BCD100450279;
			remoteInfo = Top10Albums;
		};
		23F8E2CC2A79C3650012A031 /* PBXContainerItemProxy */ = {
			isa = PBXContainerItemProxy;
			containerPortal = 231A165C2967BCD100450279 /* Project object */;
			proxyType = 1;
			remoteGlobalIDString = 231A16632967BCD100450279;
			remoteInfo = Top10Albums;
		};
/* End PBXContainerItemProxy section */

/* Begin PBXFileReference section */
		2305E03F296E298400C24570 /* FormattingDelegate.swift */ = {isa = PBXFileReference; lastKnownFileType = sourcecode.swift; path = FormattingDelegate.swift; sourceTree = "<group>"; };
		2308FA7E2A7B019E0092CF44 /* XCTest.framework */ = {isa = PBXFileReference; lastKnownFileType = wrapper.framework; name = XCTest.framework; path = Platforms/MacOSX.platform/Developer/Library/Frameworks/XCTest.framework; sourceTree = DEVELOPER_DIR; };
		2316532F296BDFAB009F2720 /* AlbumInfoViewController.swift */ = {isa = PBXFileReference; lastKnownFileType = sourcecode.swift; path = AlbumInfoViewController.swift; sourceTree = "<group>"; };
		23165331296BE040009F2720 /* TopTenViewModel.swift */ = {isa = PBXFileReference; lastKnownFileType = sourcecode.swift; path = TopTenViewModel.swift; sourceTree = "<group>"; };
		231A16642967BCD100450279 /* Top10Albums.app */ = {isa = PBXFileReference; explicitFileType = wrapper.application; includeInIndex = 0; path = Top10Albums.app; sourceTree = BUILT_PRODUCTS_DIR; };
		231A16672967BCD100450279 /* AppDelegate.swift */ = {isa = PBXFileReference; lastKnownFileType = sourcecode.swift; path = AppDelegate.swift; sourceTree = "<group>"; };
		231A16692967BCD100450279 /* SceneDelegate.swift */ = {isa = PBXFileReference; lastKnownFileType = sourcecode.swift; path = SceneDelegate.swift; sourceTree = "<group>"; };
		231A166B2967BCD100450279 /* WelcomeViewController.swift */ = {isa = PBXFileReference; lastKnownFileType = sourcecode.swift; path = WelcomeViewController.swift; sourceTree = "<group>"; };
		231A166E2967BCD100450279 /* Base */ = {isa = PBXFileReference; lastKnownFileType = file.storyboard; name = Base; path = Base.lproj/Main.storyboard; sourceTree = "<group>"; };
		231A16712967BCD100450279 /* Top10Albums.xcdatamodel */ = {isa = PBXFileReference; lastKnownFileType = wrapper.xcdatamodel; path = Top10Albums.xcdatamodel; sourceTree = "<group>"; };
		231A16732967BCD200450279 /* Assets.xcassets */ = {isa = PBXFileReference; lastKnownFileType = folder.assetcatalog; path = Assets.xcassets; sourceTree = "<group>"; };
		231A16762967BCD200450279 /* Base */ = {isa = PBXFileReference; lastKnownFileType = file.storyboard; name = Base; path = Base.lproj/LaunchScreen.storyboard; sourceTree = "<group>"; };
		231A16782967BCD200450279 /* Info.plist */ = {isa = PBXFileReference; lastKnownFileType = text.plist.xml; path = Info.plist; sourceTree = "<group>"; };
		231A16832968BC6800450279 /* Genres.swift */ = {isa = PBXFileReference; lastKnownFileType = sourcecode.swift; path = Genres.swift; sourceTree = "<group>"; };
		231A16852968CD1900450279 /* GenreViewController.swift */ = {isa = PBXFileReference; lastKnownFileType = sourcecode.swift; path = GenreViewController.swift; sourceTree = "<group>"; };
		231B09F7296B90E600F7FC21 /* GenreViewModel.swift */ = {isa = PBXFileReference; lastKnownFileType = sourcecode.swift; path = GenreViewModel.swift; sourceTree = "<group>"; };
		231B09F9296B947F00F7FC21 /* TopTens.swift */ = {isa = PBXFileReference; lastKnownFileType = sourcecode.swift; path = TopTens.swift; sourceTree = "<group>"; };
		231B09FB296B97E300F7FC21 /* TopTenViewController.swift */ = {isa = PBXFileReference; lastKnownFileType = sourcecode.swift; path = TopTenViewController.swift; sourceTree = "<group>"; };
		2323CFCB299C3D05008ED4FE /* StoreKit.framework */ = {isa = PBXFileReference; lastKnownFileType = wrapper.framework; name = StoreKit.framework; path = System/Library/Frameworks/StoreKit.framework; sourceTree = SDKROOT; };
		2323CFCD299C400B008ED4FE /* PurchaseViewModel.swift */ = {isa = PBXFileReference; lastKnownFileType = sourcecode.swift; path = PurchaseViewModel.swift; sourceTree = "<group>"; };
		2323CFD3299C527E008ED4FE /* WelcomeViewModel.swift */ = {isa = PBXFileReference; lastKnownFileType = sourcecode.swift; path = WelcomeViewModel.swift; sourceTree = "<group>"; };
		23243370297764AC00BE4574 /* ConceptViewController.swift */ = {isa = PBXFileReference; lastKnownFileType = sourcecode.swift; path = ConceptViewController.swift; sourceTree = "<group>"; };
		232F01522A25149700C29686 /* UIText.swift */ = {isa = PBXFileReference; fileEncoding = 4; lastKnownFileType = sourcecode.swift; path = UIText.swift; sourceTree = "<group>"; };
		232F01542A2514E800C29686 /* TextModifier.swift */ = {isa = PBXFileReference; fileEncoding = 4; lastKnownFileType = sourcecode.swift; path = TextModifier.swift; sourceTree = "<group>"; };
		232F01562A25150600C29686 /* TopTenTableViewCell.xib */ = {isa = PBXFileReference; fileEncoding = 4; lastKnownFileType = file.xib; path = TopTenTableViewCell.xib; sourceTree = "<group>"; };
		232F01572A25150600C29686 /* TopTenTableViewCell.swift */ = {isa = PBXFileReference; fileEncoding = 4; lastKnownFileType = sourcecode.swift; path = TopTenTableViewCell.swift; sourceTree = "<group>"; };
		23361C3329DDCA05006D2410 /* Top10Albums.entitlements */ = {isa = PBXFileReference; lastKnownFileType = text.plist.entitlements; path = Top10Albums.entitlements; sourceTree = "<group>"; };
		2339F6FA2A321FE500344CE2 /* Constants.swift */ = {isa = PBXFileReference; lastKnownFileType = sourcecode.swift; path = Constants.swift; sourceTree = "<group>"; };
		23741D372991DE910005348F /* StatsViewController.swift */ = {isa = PBXFileReference; lastKnownFileType = sourcecode.swift; path = StatsViewController.swift; sourceTree = "<group>"; };
		23741D392991DF1F0005348F /* StatsViewModel.swift */ = {isa = PBXFileReference; lastKnownFileType = sourcecode.swift; path = StatsViewModel.swift; sourceTree = "<group>"; };
		23741D3B299C37DC0005348F /* PremiumViewController.swift */ = {isa = PBXFileReference; lastKnownFileType = sourcecode.swift; path = PremiumViewController.swift; sourceTree = "<group>"; };
		2385C12E29E9B6C500EAF12E /* GoogleService-Info.plist */ = {isa = PBXFileReference; fileEncoding = 4; lastKnownFileType = text.plist.xml; path = "GoogleService-Info.plist"; sourceTree = "<group>"; };
		238F90D72A6F301B00EBC47E /* Top10Pack */ = {isa = PBXFileReference; lastKnownFileType = wrapper; name = Top10Pack; path = ../Top10Pack; sourceTree = "<group>"; };
		239D95872A70631D0093B56B /* Top10AlbumsTests.xctest */ = {isa = PBXFileReference; explicitFileType = wrapper.cfbundle; includeInIndex = 0; path = Top10AlbumsTests.xctest; sourceTree = BUILT_PRODUCTS_DIR; };
		239D95892A70631D0093B56B /* Top10AlbumsTests.swift */ = {isa = PBXFileReference; lastKnownFileType = sourcecode.swift; path = Top10AlbumsTests.swift; sourceTree = "<group>"; };
		239D95982A7077000093B56B /* Stats.swift */ = {isa = PBXFileReference; lastKnownFileType = sourcecode.swift; path = Stats.swift; sourceTree = "<group>"; };
		23B7260C29777AE500461D26 /* AlbumInfoViewModel.swift */ = {isa = PBXFileReference; lastKnownFileType = sourcecode.swift; path = AlbumInfoViewModel.swift; sourceTree = "<group>"; };
		23B98F562A69D69500EC4E58 /* WikipediaResponse.swift */ = {isa = PBXFileReference; lastKnownFileType = sourcecode.swift; path = WikipediaResponse.swift; sourceTree = "<group>"; };
		23F8E2C82A79C3650012A031 /* NewTests.xctest */ = {isa = PBXFileReference; explicitFileType = wrapper.cfbundle; includeInIndex = 0; path = NewTests.xctest; sourceTree = BUILT_PRODUCTS_DIR; };
		23F8E2CA2A79C3650012A031 /* NewTests.swift */ = {isa = PBXFileReference; lastKnownFileType = sourcecode.swift; path = NewTests.swift; sourceTree = "<group>"; };
/* End PBXFileReference section */

/* Begin PBXFrameworksBuildPhase section */
		231A16612967BCD100450279 /* Frameworks */ = {
			isa = PBXFrameworksBuildPhase;
			buildActionMask = 2147483647;
			files = (
				234B723B2A71B0CE00744DEA /* Top10Pack in Frameworks */,
				2344562629DDDBD1003B85C0 /* FirebaseMessaging in Frameworks */,
				2323CFCC299C3D05008ED4FE /* StoreKit.framework in Frameworks */,
				2323CFD0299C49F5008ED4FE /* FirebaseFirestore in Frameworks */,
			);
			runOnlyForDeploymentPostprocessing = 0;
		};
		239D95842A70631D0093B56B /* Frameworks */ = {
			isa = PBXFrameworksBuildPhase;
			buildActionMask = 2147483647;
			files = (
				23F8E2BF2A79C04E0012A031 /* StoreKit.framework in Frameworks */,
				23F8E2BE2A79C03C0012A031 /* Top10Pack in Frameworks */,
				23F8E2BC2A79C0140012A031 /* FirebaseMessaging in Frameworks */,
				23F8E2BA2A79C00E0012A031 /* FirebaseFirestore in Frameworks */,
			);
			runOnlyForDeploymentPostprocessing = 0;
		};
		23F8E2C52A79C3650012A031 /* Frameworks */ = {
			isa = PBXFrameworksBuildPhase;
			buildActionMask = 2147483647;
			files = (
			);
			runOnlyForDeploymentPostprocessing = 0;
		};
/* End PBXFrameworksBuildPhase section */

/* Begin PBXGroup section */
		231A165B2967BCD100450279 = {
			isa = PBXGroup;
			children = (
				23C7AFDC2A6F29AE00EBFC19 /* Packages */,
				231A16662967BCD100450279 /* Top10Albums */,
				239D95882A70631D0093B56B /* Top10AlbumsTests */,
				23F8E2C92A79C3650012A031 /* NewTests */,
				231A16652967BCD100450279 /* Products */,
				2323CFCA299C3D05008ED4FE /* Frameworks */,
			);
			sourceTree = "<group>";
		};
		231A16652967BCD100450279 /* Products */ = {
			isa = PBXGroup;
			children = (
				231A16642967BCD100450279 /* Top10Albums.app */,
				239D95872A70631D0093B56B /* Top10AlbumsTests.xctest */,
				23F8E2C82A79C3650012A031 /* NewTests.xctest */,
			);
			name = Products;
			sourceTree = "<group>";
		};
		231A16662967BCD100450279 /* Top10Albums */ = {
			isa = PBXGroup;
			children = (
				23361C3329DDCA05006D2410 /* Top10Albums.entitlements */,
				231A167E2968BB5300450279 /* Model */,
				231A167F2968BB5D00450279 /* View */,
				231A16802968BB6B00450279 /* Features */,
				231A16822968BB8700450279 /* Other */,
				231A16782967BCD200450279 /* Info.plist */,
				2385C12E29E9B6C500EAF12E /* GoogleService-Info.plist */,
				231A16702967BCD100450279 /* Top10Albums.xcdatamodeld */,
			);
			path = Top10Albums;
			sourceTree = "<group>";
		};
		231A167E2968BB5300450279 /* Model */ = {
			isa = PBXGroup;
			children = (
				231A16832968BC6800450279 /* Genres.swift */,
				231B09F9296B947F00F7FC21 /* TopTens.swift */,
				2305E03F296E298400C24570 /* FormattingDelegate.swift */,
				232F01542A2514E800C29686 /* TextModifier.swift */,
				232F01522A25149700C29686 /* UIText.swift */,
				2339F6FA2A321FE500344CE2 /* Constants.swift */,
				23B98F562A69D69500EC4E58 /* WikipediaResponse.swift */,
				2323CFCD299C400B008ED4FE /* PurchaseViewModel.swift */,
				239D95982A7077000093B56B /* Stats.swift */,
			);
			path = Model;
			sourceTree = "<group>";
		};
		231A167F2968BB5D00450279 /* View */ = {
			isa = PBXGroup;
			children = (
				231A16752967BCD200450279 /* LaunchScreen.storyboard */,
				231A166D2967BCD100450279 /* Main.storyboard */,
			);
			path = View;
			sourceTree = "<group>";
		};
		231A16802968BB6B00450279 /* Features */ = {
			isa = PBXGroup;
			children = (
				239D95902A7073C90093B56B /* Welcome */,
				239D95912A7073DC0093B56B /* Genre */,
				239D95962A7073F30093B56B /* TopTen */,
				239D95952A7073F10093B56B /* AlbumInfo */,
				239D95942A7073E70093B56B /* Concept */,
				239D95932A7073E50093B56B /* Stats */,
				239D95922A7073E20093B56B /* Premium */,
				23741D3B299C37DC0005348F /* PremiumViewController.swift */,
			);
			path = Features;
			sourceTree = "<group>";
		};
		231A16822968BB8700450279 /* Other */ = {
			isa = PBXGroup;
			children = (
				231A16732967BCD200450279 /* Assets.xcassets */,
				231A16692967BCD100450279 /* SceneDelegate.swift */,
				231A16672967BCD100450279 /* AppDelegate.swift */,
			);
			path = Other;
			sourceTree = "<group>";
		};
		2323CFCA299C3D05008ED4FE /* Frameworks */ = {
			isa = PBXGroup;
			children = (
				2308FA7E2A7B019E0092CF44 /* XCTest.framework */,
				2323CFCB299C3D05008ED4FE /* StoreKit.framework */,
			);
			name = Frameworks;
			sourceTree = "<group>";
		};
		239D95882A70631D0093B56B /* Top10AlbumsTests */ = {
			isa = PBXGroup;
			children = (
				239D95892A70631D0093B56B /* Top10AlbumsTests.swift */,
			);
			path = Top10AlbumsTests;
			sourceTree = "<group>";
		};
		239D95902A7073C90093B56B /* Welcome */ = {
			isa = PBXGroup;
			children = (
				231A166B2967BCD100450279 /* WelcomeViewController.swift */,
				2323CFD3299C527E008ED4FE /* WelcomeViewModel.swift */,
			);
			path = Welcome;
			sourceTree = "<group>";
		};
		239D95912A7073DC0093B56B /* Genre */ = {
			isa = PBXGroup;
			children = (
				231A16852968CD1900450279 /* GenreViewController.swift */,
				231B09F7296B90E600F7FC21 /* GenreViewModel.swift */,
			);
			path = Genre;
			sourceTree = "<group>";
		};
		239D95922A7073E20093B56B /* Premium */ = {
			isa = PBXGroup;
			children = (
			);
			path = Premium;
			sourceTree = "<group>";
		};
		239D95932A7073E50093B56B /* Stats */ = {
			isa = PBXGroup;
			children = (
				23741D372991DE910005348F /* StatsViewController.swift */,
				23741D392991DF1F0005348F /* StatsViewModel.swift */,
			);
			path = Stats;
			sourceTree = "<group>";
		};
		239D95942A7073E70093B56B /* Concept */ = {
			isa = PBXGroup;
			children = (
				23243370297764AC00BE4574 /* ConceptViewController.swift */,
			);
			path = Concept;
			sourceTree = "<group>";
		};
		239D95952A7073F10093B56B /* AlbumInfo */ = {
			isa = PBXGroup;
			children = (
				2316532F296BDFAB009F2720 /* AlbumInfoViewController.swift */,
				23B7260C29777AE500461D26 /* AlbumInfoViewModel.swift */,
			);
			path = AlbumInfo;
			sourceTree = "<group>";
		};
		239D95962A7073F30093B56B /* TopTen */ = {
			isa = PBXGroup;
			children = (
				239D95972A7074A40093B56B /* TopTenCustomCell */,
				23165331296BE040009F2720 /* TopTenViewModel.swift */,
				231B09FB296B97E300F7FC21 /* TopTenViewController.swift */,
			);
			path = TopTen;
			sourceTree = "<group>";
		};
		239D95972A7074A40093B56B /* TopTenCustomCell */ = {
			isa = PBXGroup;
			children = (
				232F01572A25150600C29686 /* TopTenTableViewCell.swift */,
				232F01562A25150600C29686 /* TopTenTableViewCell.xib */,
			);
			path = TopTenCustomCell;
			sourceTree = "<group>";
		};
		23C7AFDC2A6F29AE00EBFC19 /* Packages */ = {
			isa = PBXGroup;
			children = (
				238F90D72A6F301B00EBC47E /* Top10Pack */,
			);
			name = Packages;
			sourceTree = "<group>";
		};
		23F8E2C92A79C3650012A031 /* NewTests */ = {
			isa = PBXGroup;
			children = (
				23F8E2CA2A79C3650012A031 /* NewTests.swift */,
			);
			path = NewTests;
			sourceTree = "<group>";
		};
/* End PBXGroup section */

/* Begin PBXNativeTarget section */
		231A16632967BCD100450279 /* Top10Albums */ = {
			isa = PBXNativeTarget;
			buildConfigurationList = 231A167B2967BCD200450279 /* Build configuration list for PBXNativeTarget "Top10Albums" */;
			buildPhases = (
				231A16602967BCD100450279 /* Sources */,
				231A16612967BCD100450279 /* Frameworks */,
				231A16622967BCD100450279 /* Resources */,
			);
			buildRules = (
			);
			dependencies = (
			);
			name = Top10Albums;
			packageProductDependencies = (
				2323CFCF299C49F5008ED4FE /* FirebaseFirestore */,
				2344562529DDDBD1003B85C0 /* FirebaseMessaging */,
				234B723A2A71B0CE00744DEA /* Top10Pack */,
			);
			productName = Top10Albums;
			productReference = 231A16642967BCD100450279 /* Top10Albums.app */;
			productType = "com.apple.product-type.application";
		};
		239D95862A70631D0093B56B /* Top10AlbumsTests */ = {
			isa = PBXNativeTarget;
			buildConfigurationList = 239D958F2A70631D0093B56B /* Build configuration list for PBXNativeTarget "Top10AlbumsTests" */;
			buildPhases = (
				239D95832A70631D0093B56B /* Sources */,
				239D95842A70631D0093B56B /* Frameworks */,
				239D95852A70631D0093B56B /* Resources */,
			);
			buildRules = (
			);
			dependencies = (
				238496B52A7B0789002E1048 /* PBXTargetDependency */,
			);
			name = Top10AlbumsTests;
			packageProductDependencies = (
				23F8E2B92A79C00E0012A031 /* FirebaseFirestore */,
				23F8E2BB2A79C0140012A031 /* FirebaseMessaging */,
				23F8E2BD2A79C03C0012A031 /* Top10Pack */,
			);
			productName = Top10AlbumsTests;
			productReference = 239D95872A70631D0093B56B /* Top10AlbumsTests.xctest */;
			productType = "com.apple.product-type.bundle.unit-test";
		};
		23F8E2C72A79C3650012A031 /* NewTests */ = {
			isa = PBXNativeTarget;
			buildConfigurationList = 23F8E2CE2A79C3650012A031 /* Build configuration list for PBXNativeTarget "NewTests" */;
			buildPhases = (
				23F8E2C42A79C3650012A031 /* Sources */,
				23F8E2C52A79C3650012A031 /* Frameworks */,
				23F8E2C62A79C3650012A031 /* Resources */,
			);
			buildRules = (
			);
			dependencies = (
				23F8E2CD2A79C3650012A031 /* PBXTargetDependency */,
			);
			name = NewTests;
			productName = NewTests;
			productReference = 23F8E2C82A79C3650012A031 /* NewTests.xctest */;
			productType = "com.apple.product-type.bundle.unit-test";
		};
/* End PBXNativeTarget section */

/* Begin PBXProject section */
		231A165C2967BCD100450279 /* Project object */ = {
			isa = PBXProject;
			attributes = {
				BuildIndependentTargetsInParallel = 1;
				LastSwiftUpdateCheck = 1430;
				LastUpgradeCheck = 1410;
				TargetAttributes = {
					231A16632967BCD100450279 = {
						CreatedOnToolsVersion = 14.1;
					};
					239D95862A70631D0093B56B = {
						CreatedOnToolsVersion = 14.3.1;
						TestTargetID = 231A16632967BCD100450279;
					};
					23F8E2C72A79C3650012A031 = {
						CreatedOnToolsVersion = 14.3.1;
						TestTargetID = 231A16632967BCD100450279;
					};
				};
			};
			buildConfigurationList = 231A165F2967BCD100450279 /* Build configuration list for PBXProject "Top10Albums" */;
			compatibilityVersion = "Xcode 14.0";
			developmentRegion = en;
			hasScannedForEncodings = 0;
			knownRegions = (
				en,
				Base,
			);
			mainGroup = 231A165B2967BCD100450279;
			packageReferences = (
				239A19A9296BB582005B6294 /* XCRemoteSwiftPackageReference "firebase-ios-sdk" */,
				23165333296CC772009F2720 /* XCRemoteSwiftPackageReference "WikipediaKit" */,
			);
			productRefGroup = 231A16652967BCD100450279 /* Products */;
			projectDirPath = "";
			projectRoot = "";
			targets = (
				231A16632967BCD100450279 /* Top10Albums */,
				239D95862A70631D0093B56B /* Top10AlbumsTests */,
				23F8E2C72A79C3650012A031 /* NewTests */,
			);
		};
/* End PBXProject section */

/* Begin PBXResourcesBuildPhase section */
		231A16622967BCD100450279 /* Resources */ = {
			isa = PBXResourcesBuildPhase;
			buildActionMask = 2147483647;
			files = (
				231A16772967BCD200450279 /* LaunchScreen.storyboard in Resources */,
				2385C12F29E9B6C500EAF12E /* GoogleService-Info.plist in Resources */,
				232F01582A25150600C29686 /* TopTenTableViewCell.xib in Resources */,
				231A16742967BCD200450279 /* Assets.xcassets in Resources */,
				231A166F2967BCD100450279 /* Main.storyboard in Resources */,
			);
			runOnlyForDeploymentPostprocessing = 0;
		};
		239D95852A70631D0093B56B /* Resources */ = {
			isa = PBXResourcesBuildPhase;
			buildActionMask = 2147483647;
			files = (
				23F8E2C32A79C2AA0012A031 /* Top10AlbumsTests.xctest in Resources */,
			);
			runOnlyForDeploymentPostprocessing = 0;
		};
		23F8E2C62A79C3650012A031 /* Resources */ = {
			isa = PBXResourcesBuildPhase;
			buildActionMask = 2147483647;
			files = (
			);
			runOnlyForDeploymentPostprocessing = 0;
		};
/* End PBXResourcesBuildPhase section */

/* Begin PBXSourcesBuildPhase section */
		231A16602967BCD100450279 /* Sources */ = {
			isa = PBXSourcesBuildPhase;
			buildActionMask = 2147483647;
			files = (
				23B98F572A69D69500EC4E58 /* WikipediaResponse.swift in Sources */,
				231A16722967BCD100450279 /* Top10Albums.xcdatamodeld in Sources */,
				2323CFCE299C400B008ED4FE /* PurchaseViewModel.swift in Sources */,
				231A16842968BC6800450279 /* Genres.swift in Sources */,
				232F01592A25150600C29686 /* TopTenTableViewCell.swift in Sources */,
				23741D3C299C37DC0005348F /* PremiumViewController.swift in Sources */,
				23165332296BE040009F2720 /* TopTenViewModel.swift in Sources */,
				2339F6FB2A321FE500344CE2 /* Constants.swift in Sources */,
				232F01552A2514E900C29686 /* TextModifier.swift in Sources */,
				231A166C2967BCD100450279 /* WelcomeViewController.swift in Sources */,
				23243371297764AD00BE4574 /* ConceptViewController.swift in Sources */,
				231A16682967BCD100450279 /* AppDelegate.swift in Sources */,
				23165330296BDFAB009F2720 /* AlbumInfoViewController.swift in Sources */,
				232F01532A25149700C29686 /* UIText.swift in Sources */,
				231B09FC296B97E300F7FC21 /* TopTenViewController.swift in Sources */,
				231A16862968CD1900450279 /* GenreViewController.swift in Sources */,
				231B09FA296B947F00F7FC21 /* TopTens.swift in Sources */,
				23741D3A2991DF1F0005348F /* StatsViewModel.swift in Sources */,
				23B7260D29777AE500461D26 /* AlbumInfoViewModel.swift in Sources */,
				2305E040296E298400C24570 /* FormattingDelegate.swift in Sources */,
				231B09F8296B90E600F7FC21 /* GenreViewModel.swift in Sources */,
				239D95992A7077000093B56B /* Stats.swift in Sources */,
				23741D382991DE910005348F /* StatsViewController.swift in Sources */,
				2323CFD4299C527E008ED4FE /* WelcomeViewModel.swift in Sources */,
				231A166A2967BCD100450279 /* SceneDelegate.swift in Sources */,
			);
			runOnlyForDeploymentPostprocessing = 0;
		};
		239D95832A70631D0093B56B /* Sources */ = {
			isa = PBXSourcesBuildPhase;
			buildActionMask = 2147483647;
			files = (
				2308FA7D2A7AFB9C0092CF44 /* WelcomeViewController.swift in Sources */,
				2308FA792A7AFB8A0092CF44 /* TopTens.swift in Sources */,
				239D958A2A70631D0093B56B /* Top10AlbumsTests.swift in Sources */,
				2308FA7C2A7AFB950092CF44 /* UIText.swift in Sources */,
				239D959B2A707DBF0093B56B /* WelcomeViewModel.swift in Sources */,
				2308FA7A2A7AFB8C0092CF44 /* FormattingDelegate.swift in Sources */,
				23F8E2C02A79C0C40012A031 /* Constants.swift in Sources */,
				2308FA7B2A7AFB8F0092CF44 /* TextModifier.swift in Sources */,
				2308FA782A7AFB870092CF44 /* Genres.swift in Sources */,
			);
			runOnlyForDeploymentPostprocessing = 0;
		};
		23F8E2C42A79C3650012A031 /* Sources */ = {
			isa = PBXSourcesBuildPhase;
			buildActionMask = 2147483647;
			files = (
				23F8E2CB2A79C3650012A031 /* NewTests.swift in Sources */,
			);
			runOnlyForDeploymentPostprocessing = 0;
		};
/* End PBXSourcesBuildPhase section */

/* Begin PBXTargetDependency section */
		238496B52A7B0789002E1048 /* PBXTargetDependency */ = {
			isa = PBXTargetDependency;
			target = 231A16632967BCD100450279 /* Top10Albums */;
			targetProxy = 238496B42A7B0789002E1048 /* PBXContainerItemProxy */;
		};
		23F8E2CD2A79C3650012A031 /* PBXTargetDependency */ = {
			isa = PBXTargetDependency;
			target = 231A16632967BCD100450279 /* Top10Albums */;
			targetProxy = 23F8E2CC2A79C3650012A031 /* PBXContainerItemProxy */;
		};
/* End PBXTargetDependency section */

/* Begin PBXVariantGroup section */
		231A166D2967BCD100450279 /* Main.storyboard */ = {
			isa = PBXVariantGroup;
			children = (
				231A166E2967BCD100450279 /* Base */,
			);
			name = Main.storyboard;
			sourceTree = "<group>";
		};
		231A16752967BCD200450279 /* LaunchScreen.storyboard */ = {
			isa = PBXVariantGroup;
			children = (
				231A16762967BCD200450279 /* Base */,
			);
			name = LaunchScreen.storyboard;
			sourceTree = "<group>";
		};
/* End PBXVariantGroup section */

/* Begin XCBuildConfiguration section */
		231A16792967BCD200450279 /* Debug */ = {
			isa = XCBuildConfiguration;
			buildSettings = {
				ALWAYS_SEARCH_USER_PATHS = NO;
				CLANG_ANALYZER_NONNULL = YES;
				CLANG_ANALYZER_NUMBER_OBJECT_CONVERSION = YES_AGGRESSIVE;
				CLANG_CXX_LANGUAGE_STANDARD = "gnu++20";
				CLANG_ENABLE_MODULES = YES;
				CLANG_ENABLE_OBJC_ARC = YES;
				CLANG_ENABLE_OBJC_WEAK = YES;
				CLANG_WARN_BLOCK_CAPTURE_AUTORELEASING = YES;
				CLANG_WARN_BOOL_CONVERSION = YES;
				CLANG_WARN_COMMA = YES;
				CLANG_WARN_CONSTANT_CONVERSION = YES;
				CLANG_WARN_DEPRECATED_OBJC_IMPLEMENTATIONS = YES;
				CLANG_WARN_DIRECT_OBJC_ISA_USAGE = YES_ERROR;
				CLANG_WARN_DOCUMENTATION_COMMENTS = YES;
				CLANG_WARN_EMPTY_BODY = YES;
				CLANG_WARN_ENUM_CONVERSION = YES;
				CLANG_WARN_INFINITE_RECURSION = YES;
				CLANG_WARN_INT_CONVERSION = YES;
				CLANG_WARN_NON_LITERAL_NULL_CONVERSION = YES;
				CLANG_WARN_OBJC_IMPLICIT_RETAIN_SELF = YES;
				CLANG_WARN_OBJC_LITERAL_CONVERSION = YES;
				CLANG_WARN_OBJC_ROOT_CLASS = YES_ERROR;
				CLANG_WARN_QUOTED_INCLUDE_IN_FRAMEWORK_HEADER = YES;
				CLANG_WARN_RANGE_LOOP_ANALYSIS = YES;
				CLANG_WARN_STRICT_PROTOTYPES = YES;
				CLANG_WARN_SUSPICIOUS_MOVE = YES;
				CLANG_WARN_UNGUARDED_AVAILABILITY = YES_AGGRESSIVE;
				CLANG_WARN_UNREACHABLE_CODE = YES;
				CLANG_WARN__DUPLICATE_METHOD_MATCH = YES;
				COPY_PHASE_STRIP = NO;
				DEBUG_INFORMATION_FORMAT = dwarf;
				ENABLE_STRICT_OBJC_MSGSEND = YES;
				ENABLE_TESTABILITY = YES;
				GCC_C_LANGUAGE_STANDARD = gnu11;
				GCC_DYNAMIC_NO_PIC = NO;
				GCC_NO_COMMON_BLOCKS = YES;
				GCC_OPTIMIZATION_LEVEL = 0;
				GCC_PREPROCESSOR_DEFINITIONS = (
					"DEBUG=1",
					"$(inherited)",
				);
				GCC_WARN_64_TO_32_BIT_CONVERSION = YES;
				GCC_WARN_ABOUT_RETURN_TYPE = YES_ERROR;
				GCC_WARN_UNDECLARED_SELECTOR = YES;
				GCC_WARN_UNINITIALIZED_AUTOS = YES_AGGRESSIVE;
				GCC_WARN_UNUSED_FUNCTION = YES;
				GCC_WARN_UNUSED_VARIABLE = YES;
				IPHONEOS_DEPLOYMENT_TARGET = 16.1;
				MTL_ENABLE_DEBUG_INFO = INCLUDE_SOURCE;
				MTL_FAST_MATH = YES;
				ONLY_ACTIVE_ARCH = YES;
				SDKROOT = iphoneos;
				SWIFT_ACTIVE_COMPILATION_CONDITIONS = DEBUG;
				SWIFT_OPTIMIZATION_LEVEL = "-Onone";
			};
			name = Debug;
		};
		231A167A2967BCD200450279 /* Release */ = {
			isa = XCBuildConfiguration;
			buildSettings = {
				ALWAYS_SEARCH_USER_PATHS = NO;
				CLANG_ANALYZER_NONNULL = YES;
				CLANG_ANALYZER_NUMBER_OBJECT_CONVERSION = YES_AGGRESSIVE;
				CLANG_CXX_LANGUAGE_STANDARD = "gnu++20";
				CLANG_ENABLE_MODULES = YES;
				CLANG_ENABLE_OBJC_ARC = YES;
				CLANG_ENABLE_OBJC_WEAK = YES;
				CLANG_WARN_BLOCK_CAPTURE_AUTORELEASING = YES;
				CLANG_WARN_BOOL_CONVERSION = YES;
				CLANG_WARN_COMMA = YES;
				CLANG_WARN_CONSTANT_CONVERSION = YES;
				CLANG_WARN_DEPRECATED_OBJC_IMPLEMENTATIONS = YES;
				CLANG_WARN_DIRECT_OBJC_ISA_USAGE = YES_ERROR;
				CLANG_WARN_DOCUMENTATION_COMMENTS = YES;
				CLANG_WARN_EMPTY_BODY = YES;
				CLANG_WARN_ENUM_CONVERSION = YES;
				CLANG_WARN_INFINITE_RECURSION = YES;
				CLANG_WARN_INT_CONVERSION = YES;
				CLANG_WARN_NON_LITERAL_NULL_CONVERSION = YES;
				CLANG_WARN_OBJC_IMPLICIT_RETAIN_SELF = YES;
				CLANG_WARN_OBJC_LITERAL_CONVERSION = YES;
				CLANG_WARN_OBJC_ROOT_CLASS = YES_ERROR;
				CLANG_WARN_QUOTED_INCLUDE_IN_FRAMEWORK_HEADER = YES;
				CLANG_WARN_RANGE_LOOP_ANALYSIS = YES;
				CLANG_WARN_STRICT_PROTOTYPES = YES;
				CLANG_WARN_SUSPICIOUS_MOVE = YES;
				CLANG_WARN_UNGUARDED_AVAILABILITY = YES_AGGRESSIVE;
				CLANG_WARN_UNREACHABLE_CODE = YES;
				CLANG_WARN__DUPLICATE_METHOD_MATCH = YES;
				COPY_PHASE_STRIP = NO;
				DEBUG_INFORMATION_FORMAT = "dwarf-with-dsym";
				ENABLE_NS_ASSERTIONS = NO;
				ENABLE_STRICT_OBJC_MSGSEND = YES;
				GCC_C_LANGUAGE_STANDARD = gnu11;
				GCC_NO_COMMON_BLOCKS = YES;
				GCC_WARN_64_TO_32_BIT_CONVERSION = YES;
				GCC_WARN_ABOUT_RETURN_TYPE = YES_ERROR;
				GCC_WARN_UNDECLARED_SELECTOR = YES;
				GCC_WARN_UNINITIALIZED_AUTOS = YES_AGGRESSIVE;
				GCC_WARN_UNUSED_FUNCTION = YES;
				GCC_WARN_UNUSED_VARIABLE = YES;
				IPHONEOS_DEPLOYMENT_TARGET = 16.1;
				MTL_ENABLE_DEBUG_INFO = NO;
				MTL_FAST_MATH = YES;
				SDKROOT = iphoneos;
				SWIFT_COMPILATION_MODE = wholemodule;
				SWIFT_OPTIMIZATION_LEVEL = "-O";
				VALIDATE_PRODUCT = YES;
			};
			name = Release;
		};
		231A167C2967BCD200450279 /* Debug */ = {
			isa = XCBuildConfiguration;
			buildSettings = {
				ASSETCATALOG_COMPILER_APPICON_NAME = AppIcon;
				ASSETCATALOG_COMPILER_GLOBAL_ACCENT_COLOR_NAME = AccentColor;
				CODE_SIGN_ENTITLEMENTS = Top10Albums/Top10Albums.entitlements;
				CODE_SIGN_STYLE = Automatic;
				CURRENT_PROJECT_VERSION = 1;
				DEVELOPMENT_TEAM = 95N7NL8994;
				GENERATE_INFOPLIST_FILE = YES;
				INFOPLIST_FILE = Top10Albums/Info.plist;
				INFOPLIST_KEY_UIApplicationSupportsIndirectInputEvents = YES;
				INFOPLIST_KEY_UILaunchStoryboardName = LaunchScreen;
				INFOPLIST_KEY_UIMainStoryboardFile = Main;
				INFOPLIST_KEY_UISupportedInterfaceOrientations_iPad = "UIInterfaceOrientationPortrait UIInterfaceOrientationPortraitUpsideDown UIInterfaceOrientationLandscapeLeft UIInterfaceOrientationLandscapeRight";
				INFOPLIST_KEY_UISupportedInterfaceOrientations_iPhone = "UIInterfaceOrientationPortrait UIInterfaceOrientationLandscapeLeft UIInterfaceOrientationLandscapeRight";
				INFOPLIST_KEY_UIUserInterfaceStyle = Light;
				LD_RUNPATH_SEARCH_PATHS = (
					"$(inherited)",
					"@executable_path/Frameworks",
				);
				MARKETING_VERSION = 1.0;
				PRODUCT_BUNDLE_IDENTIFIER = co.jakegordon.AlbumAficionado;
				PRODUCT_NAME = "$(TARGET_NAME)";
				SUPPORTED_PLATFORMS = "iphoneos iphonesimulator";
				SUPPORTS_MACCATALYST = NO;
				SUPPORTS_MAC_DESIGNED_FOR_IPHONE_IPAD = YES;
				SWIFT_EMIT_LOC_STRINGS = YES;
				SWIFT_VERSION = 5.0;
				TARGETED_DEVICE_FAMILY = "1,2";
			};
			name = Debug;
		};
		231A167D2967BCD200450279 /* Release */ = {
			isa = XCBuildConfiguration;
			buildSettings = {
				ASSETCATALOG_COMPILER_APPICON_NAME = AppIcon;
				ASSETCATALOG_COMPILER_GLOBAL_ACCENT_COLOR_NAME = AccentColor;
				CODE_SIGN_ENTITLEMENTS = Top10Albums/Top10Albums.entitlements;
				CODE_SIGN_STYLE = Automatic;
				CURRENT_PROJECT_VERSION = 1;
				DEVELOPMENT_TEAM = 95N7NL8994;
				GENERATE_INFOPLIST_FILE = YES;
				INFOPLIST_FILE = Top10Albums/Info.plist;
				INFOPLIST_KEY_UIApplicationSupportsIndirectInputEvents = YES;
				INFOPLIST_KEY_UILaunchStoryboardName = LaunchScreen;
				INFOPLIST_KEY_UIMainStoryboardFile = Main;
				INFOPLIST_KEY_UISupportedInterfaceOrientations_iPad = "UIInterfaceOrientationPortrait UIInterfaceOrientationPortraitUpsideDown UIInterfaceOrientationLandscapeLeft UIInterfaceOrientationLandscapeRight";
				INFOPLIST_KEY_UISupportedInterfaceOrientations_iPhone = "UIInterfaceOrientationPortrait UIInterfaceOrientationLandscapeLeft UIInterfaceOrientationLandscapeRight";
				INFOPLIST_KEY_UIUserInterfaceStyle = Light;
				LD_RUNPATH_SEARCH_PATHS = (
					"$(inherited)",
					"@executable_path/Frameworks",
				);
				MARKETING_VERSION = 1.0;
				PRODUCT_BUNDLE_IDENTIFIER = co.jakegordon.AlbumAficionado;
				PRODUCT_NAME = "$(TARGET_NAME)";
				SUPPORTED_PLATFORMS = "iphoneos iphonesimulator";
				SUPPORTS_MACCATALYST = NO;
				SUPPORTS_MAC_DESIGNED_FOR_IPHONE_IPAD = YES;
				SWIFT_EMIT_LOC_STRINGS = YES;
				SWIFT_VERSION = 5.0;
				TARGETED_DEVICE_FAMILY = "1,2";
			};
			name = Release;
		};
		239D958D2A70631D0093B56B /* Debug */ = {
			isa = XCBuildConfiguration;
			buildSettings = {
				BUNDLE_LOADER = "$(TEST_HOST)";
				CODE_SIGN_STYLE = Automatic;
				CURRENT_PROJECT_VERSION = 1;
				DEVELOPMENT_TEAM = 95N7NL8994;
				GENERATE_INFOPLIST_FILE = YES;
				IPHONEOS_DEPLOYMENT_TARGET = 16.4;
				MACOSX_DEPLOYMENT_TARGET = 13.1;
				MARKETING_VERSION = 1.0;
				PRODUCT_BUNDLE_IDENTIFIER = co.jakegordon.Top10AlbumsTests;
				PRODUCT_NAME = "$(TARGET_NAME)";
				SDKROOT = auto;
				SUPPORTED_PLATFORMS = "iphoneos iphonesimulator macosx";
				SWIFT_EMIT_LOC_STRINGS = NO;
				SWIFT_VERSION = 5.0;
				TARGETED_DEVICE_FAMILY = "1,2";
				TEST_HOST = "$(BUILT_PRODUCTS_DIR)/Top10Albums.app/$(BUNDLE_EXECUTABLE_FOLDER_PATH)/Top10Albums";
			};
			name = Debug;
		};
		239D958E2A70631D0093B56B /* Release */ = {
			isa = XCBuildConfiguration;
			buildSettings = {
				BUNDLE_LOADER = "$(TEST_HOST)";
				CODE_SIGN_STYLE = Automatic;
				CURRENT_PROJECT_VERSION = 1;
				DEVELOPMENT_TEAM = 95N7NL8994;
				GENERATE_INFOPLIST_FILE = YES;
				IPHONEOS_DEPLOYMENT_TARGET = 16.4;
				MACOSX_DEPLOYMENT_TARGET = 13.1;
				MARKETING_VERSION = 1.0;
				PRODUCT_BUNDLE_IDENTIFIER = co.jakegordon.Top10AlbumsTests;
				PRODUCT_NAME = "$(TARGET_NAME)";
				SDKROOT = auto;
				SUPPORTED_PLATFORMS = "iphoneos iphonesimulator macosx";
				SWIFT_EMIT_LOC_STRINGS = NO;
				SWIFT_VERSION = 5.0;
				TARGETED_DEVICE_FAMILY = "1,2";
				TEST_HOST = "$(BUILT_PRODUCTS_DIR)/Top10Albums.app/$(BUNDLE_EXECUTABLE_FOLDER_PATH)/Top10Albums";
			};
			name = Release;
		};
		23F8E2CF2A79C3650012A031 /* Debug */ = {
			isa = XCBuildConfiguration;
			buildSettings = {
				BUNDLE_LOADER = "$(TEST_HOST)";
				CODE_SIGN_STYLE = Automatic;
				CURRENT_PROJECT_VERSION = 1;
				DEVELOPMENT_TEAM = 95N7NL8994;
				GENERATE_INFOPLIST_FILE = YES;
				IPHONEOS_DEPLOYMENT_TARGET = 16.4;
				MARKETING_VERSION = 1.0;
				PRODUCT_BUNDLE_IDENTIFIER = co.jakegordon.NewTests;
				PRODUCT_NAME = "$(TARGET_NAME)";
				SWIFT_EMIT_LOC_STRINGS = NO;
				SWIFT_VERSION = 5.0;
				TARGETED_DEVICE_FAMILY = "1,2";
				TEST_HOST = "$(BUILT_PRODUCTS_DIR)/Top10Albums.app/$(BUNDLE_EXECUTABLE_FOLDER_PATH)/Top10Albums";
			};
			name = Debug;
		};
		23F8E2D02A79C3650012A031 /* Release */ = {
			isa = XCBuildConfiguration;
			buildSettings = {
				BUNDLE_LOADER = "$(TEST_HOST)";
				CODE_SIGN_STYLE = Automatic;
				CURRENT_PROJECT_VERSION = 1;
				DEVELOPMENT_TEAM = 95N7NL8994;
				GENERATE_INFOPLIST_FILE = YES;
				IPHONEOS_DEPLOYMENT_TARGET = 16.4;
				MARKETING_VERSION = 1.0;
				PRODUCT_BUNDLE_IDENTIFIER = co.jakegordon.NewTests;
				PRODUCT_NAME = "$(TARGET_NAME)";
				SWIFT_EMIT_LOC_STRINGS = NO;
				SWIFT_VERSION = 5.0;
				TARGETED_DEVICE_FAMILY = "1,2";
				TEST_HOST = "$(BUILT_PRODUCTS_DIR)/Top10Albums.app/$(BUNDLE_EXECUTABLE_FOLDER_PATH)/Top10Albums";
			};
			name = Release;
		};
/* End XCBuildConfiguration section */

/* Begin XCConfigurationList section */
		231A165F2967BCD100450279 /* Build configuration list for PBXProject "Top10Albums" */ = {
			isa = XCConfigurationList;
			buildConfigurations = (
				231A16792967BCD200450279 /* Debug */,
				231A167A2967BCD200450279 /* Release */,
			);
			defaultConfigurationIsVisible = 0;
			defaultConfigurationName = Release;
		};
		231A167B2967BCD200450279 /* Build configuration list for PBXNativeTarget "Top10Albums" */ = {
			isa = XCConfigurationList;
			buildConfigurations = (
				231A167C2967BCD200450279 /* Debug */,
				231A167D2967BCD200450279 /* Release */,
			);
			defaultConfigurationIsVisible = 0;
			defaultConfigurationName = Release;
		};
		239D958F2A70631D0093B56B /* Build configuration list for PBXNativeTarget "Top10AlbumsTests" */ = {
			isa = XCConfigurationList;
			buildConfigurations = (
				239D958D2A70631D0093B56B /* Debug */,
				239D958E2A70631D0093B56B /* Release */,
			);
			defaultConfigurationIsVisible = 0;
			defaultConfigurationName = Release;
		};
		23F8E2CE2A79C3650012A031 /* Build configuration list for PBXNativeTarget "NewTests" */ = {
			isa = XCConfigurationList;
			buildConfigurations = (
				23F8E2CF2A79C3650012A031 /* Debug */,
				23F8E2D02A79C3650012A031 /* Release */,
			);
			defaultConfigurationIsVisible = 0;
			defaultConfigurationName = Release;
		};
/* End XCConfigurationList section */

/* Begin XCRemoteSwiftPackageReference section */
		23165333296CC772009F2720 /* XCRemoteSwiftPackageReference "WikipediaKit" */ = {
			isa = XCRemoteSwiftPackageReference;
			repositoryURL = "https://github.com/Raureif/WikipediaKit.git";
			requirement = {
				kind = upToNextMinorVersion;
				minimumVersion = 3.0.0;
			};
		};
		239A19A9296BB582005B6294 /* XCRemoteSwiftPackageReference "firebase-ios-sdk" */ = {
			isa = XCRemoteSwiftPackageReference;
			repositoryURL = "https://github.com/firebase/firebase-ios-sdk";
			requirement = {
				kind = upToNextMinorVersion;
				minimumVersion = 9.6.0;
			};
		};
/* End XCRemoteSwiftPackageReference section */

/* Begin XCSwiftPackageProductDependency section */
		2323CFCF299C49F5008ED4FE /* FirebaseFirestore */ = {
			isa = XCSwiftPackageProductDependency;
			package = 239A19A9296BB582005B6294 /* XCRemoteSwiftPackageReference "firebase-ios-sdk" */;
			productName = FirebaseFirestore;
		};
		2344562529DDDBD1003B85C0 /* FirebaseMessaging */ = {
			isa = XCSwiftPackageProductDependency;
			package = 239A19A9296BB582005B6294 /* XCRemoteSwiftPackageReference "firebase-ios-sdk" */;
			productName = FirebaseMessaging;
		};
		234B723A2A71B0CE00744DEA /* Top10Pack */ = {
			isa = XCSwiftPackageProductDependency;
			productName = Top10Pack;
		};
		23F8E2B92A79C00E0012A031 /* FirebaseFirestore */ = {
			isa = XCSwiftPackageProductDependency;
			package = 239A19A9296BB582005B6294 /* XCRemoteSwiftPackageReference "firebase-ios-sdk" */;
			productName = FirebaseFirestore;
		};
		23F8E2BB2A79C0140012A031 /* FirebaseMessaging */ = {
			isa = XCSwiftPackageProductDependency;
			package = 239A19A9296BB582005B6294 /* XCRemoteSwiftPackageReference "firebase-ios-sdk" */;
			productName = FirebaseMessaging;
		};
		23F8E2BD2A79C03C0012A031 /* Top10Pack */ = {
			isa = XCSwiftPackageProductDependency;
			productName = Top10Pack;
		};
/* End XCSwiftPackageProductDependency section */

/* Begin XCVersionGroup section */
		231A16702967BCD100450279 /* Top10Albums.xcdatamodeld */ = {
			isa = XCVersionGroup;
			children = (
				231A16712967BCD100450279 /* Top10Albums.xcdatamodel */,
			);
			currentVersion = 231A16712967BCD100450279 /* Top10Albums.xcdatamodel */;
			path = Top10Albums.xcdatamodeld;
			sourceTree = "<group>";
			versionGroupType = wrapper.xcdatamodel;
		};
/* End XCVersionGroup section */
	};
	rootObject = 231A165C2967BCD100450279 /* Project object */;
}
